
Microsoft Visual Studio Solution File, Format Version 12.00
# Visual Studio 15
VisualStudioVersion = 15.0.28010.2048
MinimumVisualStudioVersion = 10.0.40219.1
Project("{FAE04EC0-301F-11D3-BF4B-00C04F79EFBC}") = "learning-aspnet", "learning-aspnet\learning-aspnet.csproj", "{A69E869E-95C5-4A45-996A-BDC69E2A4E04}"
EndProject
Global
	GlobalSection(SolutionConfigurationPlatforms) = preSolution
		Debug|Any CPU = Debug|Any CPU
		Release|Any CPU = Release|Any CPU
	EndGlobalSection
	GlobalSection(ProjectConfigurationPlatforms) = postSolution
		{A69E869E-95C5-4A45-996A-BDC69E2A4E04}.Debug|Any CPU.ActiveCfg = Debug|Any CPU
		{A69E869E-95C5-4A45-996A-BDC69E2A4E04}.Debug|Any CPU.Build.0 = Debug|Any CPU
		{A69E869E-95C5-4A45-996A-BDC69E2A4E04}.Release|Any CPU.ActiveCfg = Release|Any CPU
		{A69E869E-95C5-4A45-996A-BDC69E2A4E04}.Release|Any CPU.Build.0 = Release|Any CPU
	EndGlobalSection
	GlobalSection(SolutionProperties) = preSolution
		HideSolutionNode = FALSE
	EndGlobalSection
	GlobalSection(ExtensibilityGlobals) = postSolution
		SolutionGuid = {0F6E8B47-483C-444E-9396-38895B99D2A9}
	EndGlobalSection
EndGlobal
